<?xml version="1.0" encoding="UTF-8"?>
<CodeBlocks_project_file>
	<FileVersion major="1" minor="6"/>
	<Project>
		<Option title="curlinho-examples"/>
		<Option makefile_is_custom="1"/>
		<Option compiler="clang"/>
		<Option virtualFolders="CMake Files\;CMake Files\lib\;CMake Files\lib\dependencies\;CMake Files\lib\dependencies\curlinho\;CMake Files\lib\dependencies\curlinho\examples\;CMake Files\examples\;CMake Files\examples\mac\;CMake Files\test\;"/>
		<Build>
			<Target title="all">
				<Option working_dir="/Users/jlsilva94/PERFORMETRIC/PROJECTS/deeep-sdk-cpp/lib/dependencies/curlinho/examples"/>
				<Option type="4"/>
				<MakeCommands>
					<Build command="/usr/bin/make -f &quot;/Users/jlsilva94/PERFORMETRIC/PROJECTS/deeep-sdk-cpp/lib/dependencies/curlinho/examples/Makefile&quot;  VERBOSE=1 all"/>
					<CompileFile command="/usr/bin/make -f &quot;/Users/jlsilva94/PERFORMETRIC/PROJECTS/deeep-sdk-cpp/lib/dependencies/curlinho/examples/Makefile&quot;  VERBOSE=1 &quot;$file&quot;"/>
					<Clean command="/usr/bin/make -f &quot;/Users/jlsilva94/PERFORMETRIC/PROJECTS/deeep-sdk-cpp/lib/dependencies/curlinho/examples/Makefile&quot;  VERBOSE=1 clean"/>
					<DistClean command="/usr/bin/make -f &quot;/Users/jlsilva94/PERFORMETRIC/PROJECTS/deeep-sdk-cpp/lib/dependencies/curlinho/examples/Makefile&quot;  VERBOSE=1 clean"/>
				</MakeCommands>
			</Target>
			<Target title="curlinho-examples">
				<Option output="/Users/jlsilva94/PERFORMETRIC/PROJECTS/deeep-sdk-cpp/lib/dependencies/curlinho/examples/curlinho-examples" prefix_auto="0" extension_auto="0"/>
				<Option working_dir="/Users/jlsilva94/PERFORMETRIC/PROJECTS/deeep-sdk-cpp/lib/dependencies/curlinho/examples"/>
				<Option object_output="./"/>
				<Option type="1"/>
				<Option compiler="clang"/>
				<Compiler>
					<Add option="-DCURL_STATICLIB"/>
					<Add directory="/Users/jlsilva94/PERFORMETRIC/PROJECTS/deeep-sdk-cpp/lib/dependencies/curlinho/include"/>
					<Add directory="/Users/jlsilva94/PERFORMETRIC/PROJECTS/deeep-sdk-cpp/lib/dependencies/curlinho/dependencies/include"/>
				</Compiler>
				<MakeCommands>
					<Build command="/usr/bin/make -f &quot;/Users/jlsilva94/PERFORMETRIC/PROJECTS/deeep-sdk-cpp/lib/dependencies/curlinho/examples/Makefile&quot;  VERBOSE=1 curlinho-examples"/>
					<CompileFile command="/usr/bin/make -f &quot;/Users/jlsilva94/PERFORMETRIC/PROJECTS/deeep-sdk-cpp/lib/dependencies/curlinho/examples/Makefile&quot;  VERBOSE=1 &quot;$file&quot;"/>
					<Clean command="/usr/bin/make -f &quot;/Users/jlsilva94/PERFORMETRIC/PROJECTS/deeep-sdk-cpp/lib/dependencies/curlinho/examples/Makefile&quot;  VERBOSE=1 clean"/>
					<DistClean command="/usr/bin/make -f &quot;/Users/jlsilva94/PERFORMETRIC/PROJECTS/deeep-sdk-cpp/lib/dependencies/curlinho/examples/Makefile&quot;  VERBOSE=1 clean"/>
				</MakeCommands>
			</Target>
			<Target title="curlinho-examples/fast">
				<Option output="/Users/jlsilva94/PERFORMETRIC/PROJECTS/deeep-sdk-cpp/lib/dependencies/curlinho/examples/curlinho-examples" prefix_auto="0" extension_auto="0"/>
				<Option working_dir="/Users/jlsilva94/PERFORMETRIC/PROJECTS/deeep-sdk-cpp/lib/dependencies/curlinho/examples"/>
				<Option object_output="./"/>
				<Option type="1"/>
				<Option compiler="clang"/>
				<Compiler>
					<Add option="-DCURL_STATICLIB"/>
					<Add directory="/Users/jlsilva94/PERFORMETRIC/PROJECTS/deeep-sdk-cpp/lib/dependencies/curlinho/include"/>
					<Add directory="/Users/jlsilva94/PERFORMETRIC/PROJECTS/deeep-sdk-cpp/lib/dependencies/curlinho/dependencies/include"/>
				</Compiler>
				<MakeCommands>
					<Build command="/usr/bin/make -f &quot;/Users/jlsilva94/PERFORMETRIC/PROJECTS/deeep-sdk-cpp/lib/dependencies/curlinho/examples/Makefile&quot;  VERBOSE=1 curlinho-examples/fast"/>
					<CompileFile command="/usr/bin/make -f &quot;/Users/jlsilva94/PERFORMETRIC/PROJECTS/deeep-sdk-cpp/lib/dependencies/curlinho/examples/Makefile&quot;  VERBOSE=1 &quot;$file&quot;"/>
					<Clean command="/usr/bin/make -f &quot;/Users/jlsilva94/PERFORMETRIC/PROJECTS/deeep-sdk-cpp/lib/dependencies/curlinho/examples/Makefile&quot;  VERBOSE=1 clean"/>
					<DistClean command="/usr/bin/make -f &quot;/Users/jlsilva94/PERFORMETRIC/PROJECTS/deeep-sdk-cpp/lib/dependencies/curlinho/examples/Makefile&quot;  VERBOSE=1 clean"/>
				</MakeCommands>
			</Target>
		</Build>
		<Unit filename="/Users/jlsilva94/PERFORMETRIC/PROJECTS/deeep-sdk-cpp/lib/dependencies/curlinho/examples/curlinhoSample.cpp">
			<Option target="curlinho-examples"/>
		</Unit>
		<Unit filename="/Users/jlsilva94/PERFORMETRIC/PROJECTS/deeep-sdk-cpp/CMakeLists.txt">
			<Option virtualFolder="CMake Files\"/>
		</Unit>
		<Unit filename="/Users/jlsilva94/PERFORMETRIC/PROJECTS/deeep-sdk-cpp/lib/CMakeLists.txt">
			<Option virtualFolder="CMake Files\lib\"/>
		</Unit>
		<Unit filename="/Users/jlsilva94/PERFORMETRIC/PROJECTS/deeep-sdk-cpp/lib/dependencies/curlinho/CMakeLists.txt">
			<Option virtualFolder="CMake Files\lib\dependencies\curlinho\"/>
		</Unit>
		<Unit filename="/Users/jlsilva94/PERFORMETRIC/PROJECTS/deeep-sdk-cpp/lib/dependencies/curlinho/examples/CMakeLists.txt">
			<Option virtualFolder="CMake Files\lib\dependencies\curlinho\examples\"/>
		</Unit>
		<Unit filename="/Users/jlsilva94/PERFORMETRIC/PROJECTS/deeep-sdk-cpp/examples/CMakeLists.txt">
			<Option virtualFolder="CMake Files\examples\"/>
		</Unit>
		<Unit filename="/Users/jlsilva94/PERFORMETRIC/PROJECTS/deeep-sdk-cpp/examples/mac/CMakeLists.txt">
			<Option virtualFolder="CMake Files\examples\mac\"/>
		</Unit>
		<Unit filename="/Users/jlsilva94/PERFORMETRIC/PROJECTS/deeep-sdk-cpp/test/CMakeLists.txt">
			<Option virtualFolder="CMake Files\test\"/>
		</Unit>
	</Project>
</CodeBlocks_project_file>
